// !$*UTF8*$!
{
	archiveVersion = 1;
	classes = {
	};
	objectVersion = 50;
	objects = {

/* Begin PBXBuildFile section */
		DE66059021E5C1EA00625EA4 /* AppDelegate.m in Sources */ = {isa = PBXBuildFile; fileRef = DE66058F21E5C1EA00625EA4 /* AppDelegate.m */; };
		DE66059621E5C1EA00625EA4 /* Main.storyboard in Resources */ = {isa = PBXBuildFile; fileRef = DE66059421E5C1EA00625EA4 /* Main.storyboard */; };
		DE66059821E5C1EE00625EA4 /* Assets.xcassets in Resources */ = {isa = PBXBuildFile; fileRef = DE66059721E5C1EE00625EA4 /* Assets.xcassets */; };
		DE66059B21E5C1EE00625EA4 /* LaunchScreen.storyboard in Resources */ = {isa = PBXBuildFile; fileRef = DE66059921E5C1EE00625EA4 /* LaunchScreen.storyboard */; };
		DE66059E21E5C1EE00625EA4 /* main.m in Sources */ = {isa = PBXBuildFile; fileRef = DE66059D21E5C1EE00625EA4 /* main.m */; };
		DE6605A821E5C1EE00625EA4 /* SortTests.m in Sources */ = {isa = PBXBuildFile; fileRef = DE6605A721E5C1EE00625EA4 /* SortTests.m */; };
		DE6605B321E5C1EE00625EA4 /* SortUITests.m in Sources */ = {isa = PBXBuildFile; fileRef = DE6605B221E5C1EE00625EA4 /* SortUITests.m */; };
		DE6605C321E5C32200625EA4 /* TableViewController.m in Sources */ = {isa = PBXBuildFile; fileRef = DE6605C221E5C32200625EA4 /* TableViewController.m */; };
		DE6605C621E5C41F00625EA4 /* BubbleSort.m in Sources */ = {isa = PBXBuildFile; fileRef = DE6605C521E5C41F00625EA4 /* BubbleSort.m */; };
		DE76DF4621D4A5E700B2B0A1 /* AppDelegate.m in Sources */ = {isa = PBXBuildFile; fileRef = DE76DF4521D4A5E700B2B0A1 /* AppDelegate.m */; };
		DE76DF4C21D4A5E700B2B0A1 /* Main.storyboard in Resources */ = {isa = PBXBuildFile; fileRef = DE76DF4A21D4A5E700B2B0A1 /* Main.storyboard */; };
		DE76DF4E21D4A5EA00B2B0A1 /* Assets.xcassets in Resources */ = {isa = PBXBuildFile; fileRef = DE76DF4D21D4A5EA00B2B0A1 /* Assets.xcassets */; };
		DE76DF5121D4A5EA00B2B0A1 /* LaunchScreen.storyboard in Resources */ = {isa = PBXBuildFile; fileRef = DE76DF4F21D4A5EA00B2B0A1 /* LaunchScreen.storyboard */; };
		DE76DF5421D4A5EA00B2B0A1 /* main.m in Sources */ = {isa = PBXBuildFile; fileRef = DE76DF5321D4A5EA00B2B0A1 /* main.m */; };
		DE76DF5C21D4A6B300B2B0A1 /* TableViewController.m in Sources */ = {isa = PBXBuildFile; fileRef = DE76DF5B21D4A6B300B2B0A1 /* TableViewController.m */; };
		DE76DF5F21D4ACB500B2B0A1 /* GCDManager.m in Sources */ = {isa = PBXBuildFile; fileRef = DE76DF5E21D4ACB500B2B0A1 /* GCDManager.m */; };
/* End PBXBuildFile section */

/* Begin PBXContainerItemProxy section */
		DE6605A421E5C1EE00625EA4 /* PBXContainerItemProxy */ = {
			isa = PBXContainerItemProxy;
			containerPortal = DE76DF3921D4A5E600B2B0A1 /* Project object */;
			proxyType = 1;
			remoteGlobalIDString = DE66058B21E5C1EA00625EA4;
			remoteInfo = Sort;
		};
		DE6605AF21E5C1EE00625EA4 /* PBXContainerItemProxy */ = {
			isa = PBXContainerItemProxy;
			containerPortal = DE76DF3921D4A5E600B2B0A1 /* Project object */;
			proxyType = 1;
			remoteGlobalIDString = DE66058B21E5C1EA00625EA4;
			remoteInfo = Sort;
		};
/* End PBXContainerItemProxy section */

/* Begin PBXFileReference section */
		DE58F65521DC4F6800FFB06B /* GCDManager+GCDLock_Semaphore.h */ = {isa = PBXFileReference; lastKnownFileType = sourcecode.c.h; path = "GCDManager+GCDLock_Semaphore.h"; sourceTree = "<group>"; };
		DE58F65621DC6E8000FFB06B /* GCDManager+GCDLock_Synchronized.h */ = {isa = PBXFileReference; lastKnownFileType = sourcecode.c.h; path = "GCDManager+GCDLock_Synchronized.h"; sourceTree = "<group>"; };
		DE58F65721DC861100FFB06B /* GCDManager+GCDLock_NSLock.h */ = {isa = PBXFileReference; lastKnownFileType = sourcecode.c.h; path = "GCDManager+GCDLock_NSLock.h"; sourceTree = "<group>"; };
		DE58F65821DCB6BE00FFB06B /* GCDManager+GCDPriority.h */ = {isa = PBXFileReference; lastKnownFileType = sourcecode.c.h; path = "GCDManager+GCDPriority.h"; sourceTree = "<group>"; };
		DE66058C21E5C1EA00625EA4 /* Sort.app */ = {isa = PBXFileReference; explicitFileType = wrapper.application; includeInIndex = 0; path = Sort.app; sourceTree = BUILT_PRODUCTS_DIR; };
		DE66058E21E5C1EA00625EA4 /* AppDelegate.h */ = {isa = PBXFileReference; lastKnownFileType = sourcecode.c.h; path = AppDelegate.h; sourceTree = "<group>"; };
		DE66058F21E5C1EA00625EA4 /* AppDelegate.m */ = {isa = PBXFileReference; lastKnownFileType = sourcecode.c.objc; path = AppDelegate.m; sourceTree = "<group>"; };
		DE66059521E5C1EA00625EA4 /* Base */ = {isa = PBXFileReference; lastKnownFileType = file.storyboard; name = Base; path = Base.lproj/Main.storyboard; sourceTree = "<group>"; };
		DE66059721E5C1EE00625EA4 /* Assets.xcassets */ = {isa = PBXFileReference; lastKnownFileType = folder.assetcatalog; path = Assets.xcassets; sourceTree = "<group>"; };
		DE66059A21E5C1EE00625EA4 /* Base */ = {isa = PBXFileReference; lastKnownFileType = file.storyboard; name = Base; path = Base.lproj/LaunchScreen.storyboard; sourceTree = "<group>"; };
		DE66059C21E5C1EE00625EA4 /* Info.plist */ = {isa = PBXFileReference; lastKnownFileType = text.plist.xml; path = Info.plist; sourceTree = "<group>"; };
		DE66059D21E5C1EE00625EA4 /* main.m */ = {isa = PBXFileReference; lastKnownFileType = sourcecode.c.objc; path = main.m; sourceTree = "<group>"; };
		DE6605A321E5C1EE00625EA4 /* SortTests.xctest */ = {isa = PBXFileReference; explicitFileType = wrapper.cfbundle; includeInIndex = 0; path = SortTests.xctest; sourceTree = BUILT_PRODUCTS_DIR; };
		DE6605A721E5C1EE00625EA4 /* SortTests.m */ = {isa = PBXFileReference; lastKnownFileType = sourcecode.c.objc; path = SortTests.m; sourceTree = "<group>"; };
		DE6605A921E5C1EE00625EA4 /* Info.plist */ = {isa = PBXFileReference; lastKnownFileType = text.plist.xml; path = Info.plist; sourceTree = "<group>"; };
		DE6605AE21E5C1EE00625EA4 /* SortUITests.xctest */ = {isa = PBXFileReference; explicitFileType = wrapper.cfbundle; includeInIndex = 0; path = SortUITests.xctest; sourceTree = BUILT_PRODUCTS_DIR; };
		DE6605B221E5C1EE00625EA4 /* SortUITests.m */ = {isa = PBXFileReference; lastKnownFileType = sourcecode.c.objc; path = SortUITests.m; sourceTree = "<group>"; };
		DE6605B421E5C1EE00625EA4 /* Info.plist */ = {isa = PBXFileReference; lastKnownFileType = text.plist.xml; path = Info.plist; sourceTree = "<group>"; };
		DE6605C121E5C32200625EA4 /* TableViewController.h */ = {isa = PBXFileReference; lastKnownFileType = sourcecode.c.h; path = TableViewController.h; sourceTree = "<group>"; };
		DE6605C221E5C32200625EA4 /* TableViewController.m */ = {isa = PBXFileReference; lastKnownFileType = sourcecode.c.objc; path = TableViewController.m; sourceTree = "<group>"; };
		DE6605C421E5C41F00625EA4 /* BubbleSort.h */ = {isa = PBXFileReference; lastKnownFileType = sourcecode.c.h; path = BubbleSort.h; sourceTree = "<group>"; };
		DE6605C521E5C41F00625EA4 /* BubbleSort.m */ = {isa = PBXFileReference; lastKnownFileType = sourcecode.c.objc; path = BubbleSort.m; sourceTree = "<group>"; };
		DE73129C21E4439D008E3250 /* GCDManager+GCDBarriar.h */ = {isa = PBXFileReference; lastKnownFileType = sourcecode.c.h; path = "GCDManager+GCDBarriar.h"; sourceTree = "<group>"; };
		DE76DF4121D4A5E600B2B0A1 /* GCD.app */ = {isa = PBXFileReference; explicitFileType = wrapper.application; includeInIndex = 0; path = GCD.app; sourceTree = BUILT_PRODUCTS_DIR; };
		DE76DF4421D4A5E600B2B0A1 /* AppDelegate.h */ = {isa = PBXFileReference; lastKnownFileType = sourcecode.c.h; path = AppDelegate.h; sourceTree = "<group>"; };
		DE76DF4521D4A5E700B2B0A1 /* AppDelegate.m */ = {isa = PBXFileReference; lastKnownFileType = sourcecode.c.objc; path = AppDelegate.m; sourceTree = "<group>"; };
		DE76DF4B21D4A5E700B2B0A1 /* Base */ = {isa = PBXFileReference; lastKnownFileType = file.storyboard; name = Base; path = Base.lproj/Main.storyboard; sourceTree = "<group>"; };
		DE76DF4D21D4A5EA00B2B0A1 /* Assets.xcassets */ = {isa = PBXFileReference; lastKnownFileType = folder.assetcatalog; path = Assets.xcassets; sourceTree = "<group>"; };
		DE76DF5021D4A5EA00B2B0A1 /* Base */ = {isa = PBXFileReference; lastKnownFileType = file.storyboard; name = Base; path = Base.lproj/LaunchScreen.storyboard; sourceTree = "<group>"; };
		DE76DF5221D4A5EA00B2B0A1 /* Info.plist */ = {isa = PBXFileReference; lastKnownFileType = text.plist.xml; path = Info.plist; sourceTree = "<group>"; };
		DE76DF5321D4A5EA00B2B0A1 /* main.m */ = {isa = PBXFileReference; lastKnownFileType = sourcecode.c.objc; path = main.m; sourceTree = "<group>"; };
		DE76DF5A21D4A6B300B2B0A1 /* TableViewController.h */ = {isa = PBXFileReference; lastKnownFileType = sourcecode.c.h; path = TableViewController.h; sourceTree = "<group>"; };
		DE76DF5B21D4A6B300B2B0A1 /* TableViewController.m */ = {isa = PBXFileReference; lastKnownFileType = sourcecode.c.objc; path = TableViewController.m; sourceTree = "<group>"; };
		DE76DF5D21D4ACB500B2B0A1 /* GCDManager.h */ = {isa = PBXFileReference; lastKnownFileType = sourcecode.c.h; path = GCDManager.h; sourceTree = "<group>"; };
		DE76DF5E21D4ACB500B2B0A1 /* GCDManager.m */ = {isa = PBXFileReference; lastKnownFileType = sourcecode.c.objc; path = GCDManager.m; sourceTree = "<group>"; };
		DE76DF6A21D4BE5200B2B0A1 /* GCDManager+GCDSerial.h */ = {isa = PBXFileReference; lastKnownFileType = sourcecode.c.h; path = "GCDManager+GCDSerial.h"; sourceTree = "<group>"; };
		DE76DF6B21D4C79E00B2B0A1 /* GCDManager+GCDConcurrent.h */ = {isa = PBXFileReference; lastKnownFileType = sourcecode.c.h; path = "GCDManager+GCDConcurrent.h"; sourceTree = "<group>"; };
		DEB002B021D5BF46002F7724 /* GCDManager+GCDSemaphore.h */ = {isa = PBXFileReference; lastKnownFileType = sourcecode.c.h; path = "GCDManager+GCDSemaphore.h"; sourceTree = "<group>"; };
		DEB002B121D5F5F6002F7724 /* GCDManager+GCDMainSync.h */ = {isa = PBXFileReference; lastKnownFileType = sourcecode.c.h; path = "GCDManager+GCDMainSync.h"; sourceTree = "<group>"; };
		DEB002B221D5F910002F7724 /* GCDManager+GCDMainAsync.h */ = {isa = PBXFileReference; lastKnownFileType = sourcecode.c.h; path = "GCDManager+GCDMainAsync.h"; sourceTree = "<group>"; };
		DEB002B321D601A9002F7724 /* GCDManager+GCDGroup.h */ = {isa = PBXFileReference; lastKnownFileType = sourcecode.c.h; path = "GCDManager+GCDGroup.h"; sourceTree = "<group>"; };
/* End PBXFileReference section */

/* Begin PBXFrameworksBuildPhase section */
		DE66058921E5C1EA00625EA4 /* Frameworks */ = {
			isa = PBXFrameworksBuildPhase;
			buildActionMask = 2147483647;
			files = (
			);
			runOnlyForDeploymentPostprocessing = 0;
		};
		DE6605A021E5C1EE00625EA4 /* Frameworks */ = {
			isa = PBXFrameworksBuildPhase;
			buildActionMask = 2147483647;
			files = (
			);
			runOnlyForDeploymentPostprocessing = 0;
		};
		DE6605AB21E5C1EE00625EA4 /* Frameworks */ = {
			isa = PBXFrameworksBuildPhase;
			buildActionMask = 2147483647;
			files = (
			);
			runOnlyForDeploymentPostprocessing = 0;
		};
		DE76DF3E21D4A5E600B2B0A1 /* Frameworks */ = {
			isa = PBXFrameworksBuildPhase;
			buildActionMask = 2147483647;
			files = (
			);
			runOnlyForDeploymentPostprocessing = 0;
		};
/* End PBXFrameworksBuildPhase section */

/* Begin PBXGroup section */
		DE66058D21E5C1EA00625EA4 /* Sort */ = {
			isa = PBXGroup;
			children = (
				DE66058E21E5C1EA00625EA4 /* AppDelegate.h */,
				DE66058F21E5C1EA00625EA4 /* AppDelegate.m */,
				DE6605C121E5C32200625EA4 /* TableViewController.h */,
				DE6605C221E5C32200625EA4 /* TableViewController.m */,
				DE6605C421E5C41F00625EA4 /* BubbleSort.h */,
				DE6605C521E5C41F00625EA4 /* BubbleSort.m */,
				DE66059421E5C1EA00625EA4 /* Main.storyboard */,
				DE66059721E5C1EE00625EA4 /* Assets.xcassets */,
				DE66059921E5C1EE00625EA4 /* LaunchScreen.storyboard */,
				DE66059C21E5C1EE00625EA4 /* Info.plist */,
				DE66059D21E5C1EE00625EA4 /* main.m */,
			);
			path = Sort;
			sourceTree = "<group>";
		};
		DE6605A621E5C1EE00625EA4 /* SortTests */ = {
			isa = PBXGroup;
			children = (
				DE6605A721E5C1EE00625EA4 /* SortTests.m */,
				DE6605A921E5C1EE00625EA4 /* Info.plist */,
			);
			path = SortTests;
			sourceTree = "<group>";
		};
		DE6605B121E5C1EE00625EA4 /* SortUITests */ = {
			isa = PBXGroup;
			children = (
				DE6605B221E5C1EE00625EA4 /* SortUITests.m */,
				DE6605B421E5C1EE00625EA4 /* Info.plist */,
			);
			path = SortUITests;
			sourceTree = "<group>";
		};
		DE76DF3821D4A5E600B2B0A1 = {
			isa = PBXGroup;
			children = (
				DE76DF4321D4A5E600B2B0A1 /* GCD */,
				DE66058D21E5C1EA00625EA4 /* Sort */,
				DE6605A621E5C1EE00625EA4 /* SortTests */,
				DE6605B121E5C1EE00625EA4 /* SortUITests */,
				DE76DF4221D4A5E600B2B0A1 /* Products */,
			);
			sourceTree = "<group>";
		};
		DE76DF4221D4A5E600B2B0A1 /* Products */ = {
			isa = PBXGroup;
			children = (
				DE76DF4121D4A5E600B2B0A1 /* GCD.app */,
				DE66058C21E5C1EA00625EA4 /* Sort.app */,
				DE6605A321E5C1EE00625EA4 /* SortTests.xctest */,
				DE6605AE21E5C1EE00625EA4 /* SortUITests.xctest */,
			);
			name = Products;
			sourceTree = "<group>";
		};
		DE76DF4321D4A5E600B2B0A1 /* GCD */ = {
			isa = PBXGroup;
			children = (
				DE76DF4421D4A5E600B2B0A1 /* AppDelegate.h */,
				DE76DF4521D4A5E700B2B0A1 /* AppDelegate.m */,
				DE76DF5A21D4A6B300B2B0A1 /* TableViewController.h */,
				DE76DF5B21D4A6B300B2B0A1 /* TableViewController.m */,
				DE76DF5D21D4ACB500B2B0A1 /* GCDManager.h */,
				DE76DF5E21D4ACB500B2B0A1 /* GCDManager.m */,
				DE76DF6A21D4BE5200B2B0A1 /* GCDManager+GCDSerial.h */,
				DE76DF6B21D4C79E00B2B0A1 /* GCDManager+GCDConcurrent.h */,
				DEB002B021D5BF46002F7724 /* GCDManager+GCDSemaphore.h */,
				DEB002B121D5F5F6002F7724 /* GCDManager+GCDMainSync.h */,
				DEB002B221D5F910002F7724 /* GCDManager+GCDMainAsync.h */,
				DEB002B321D601A9002F7724 /* GCDManager+GCDGroup.h */,
				DE58F65521DC4F6800FFB06B /* GCDManager+GCDLock_Semaphore.h */,
				DE58F65621DC6E8000FFB06B /* GCDManager+GCDLock_Synchronized.h */,
				DE58F65721DC861100FFB06B /* GCDManager+GCDLock_NSLock.h */,
				DE58F65821DCB6BE00FFB06B /* GCDManager+GCDPriority.h */,
				DE73129C21E4439D008E3250 /* GCDManager+GCDBarriar.h */,
				DE76DF4A21D4A5E700B2B0A1 /* Main.storyboard */,
				DE76DF4D21D4A5EA00B2B0A1 /* Assets.xcassets */,
				DE76DF4F21D4A5EA00B2B0A1 /* LaunchScreen.storyboard */,
				DE76DF5221D4A5EA00B2B0A1 /* Info.plist */,
				DE76DF5321D4A5EA00B2B0A1 /* main.m */,
			);
			path = GCD;
			sourceTree = "<group>";
		};
/* End PBXGroup section */

/* Begin PBXNativeTarget section */
		DE66058B21E5C1EA00625EA4 /* Sort */ = {
			isa = PBXNativeTarget;
			buildConfigurationList = DE6605BB21E5C1EE00625EA4 /* Build configuration list for PBXNativeTarget "Sort" */;
			buildPhases = (
				DE66058821E5C1EA00625EA4 /* Sources */,
				DE66058921E5C1EA00625EA4 /* Frameworks */,
				DE66058A21E5C1EA00625EA4 /* Resources */,
			);
			buildRules = (
			);
			dependencies = (
			);
			name = Sort;
			productName = Sort;
			productReference = DE66058C21E5C1EA00625EA4 /* Sort.app */;
			productType = "com.apple.product-type.application";
		};
		DE6605A221E5C1EE00625EA4 /* SortTests */ = {
			isa = PBXNativeTarget;
			buildConfigurationList = DE6605BC21E5C1EE00625EA4 /* Build configuration list for PBXNativeTarget "SortTests" */;
			buildPhases = (
				DE66059F21E5C1EE00625EA4 /* Sources */,
				DE6605A021E5C1EE00625EA4 /* Frameworks */,
				DE6605A121E5C1EE00625EA4 /* Resources */,
			);
			buildRules = (
			);
			dependencies = (
				DE6605A521E5C1EE00625EA4 /* PBXTargetDependency */,
			);
			name = SortTests;
			productName = SortTests;
			productReference = DE6605A321E5C1EE00625EA4 /* SortTests.xctest */;
			productType = "com.apple.product-type.bundle.unit-test";
		};
		DE6605AD21E5C1EE00625EA4 /* SortUITests */ = {
			isa = PBXNativeTarget;
			buildConfigurationList = DE6605BD21E5C1EE00625EA4 /* Build configuration list for PBXNativeTarget "SortUITests" */;
			buildPhases = (
				DE6605AA21E5C1EE00625EA4 /* Sources */,
				DE6605AB21E5C1EE00625EA4 /* Frameworks */,
				DE6605AC21E5C1EE00625EA4 /* Resources */,
			);
			buildRules = (
			);
			dependencies = (
				DE6605B021E5C1EE00625EA4 /* PBXTargetDependency */,
			);
			name = SortUITests;
			productName = SortUITests;
			productReference = DE6605AE21E5C1EE00625EA4 /* SortUITests.xctest */;
			productType = "com.apple.product-type.bundle.ui-testing";
		};
		DE76DF4021D4A5E600B2B0A1 /* GCD */ = {
			isa = PBXNativeTarget;
			buildConfigurationList = DE76DF5721D4A5EA00B2B0A1 /* Build configuration list for PBXNativeTarget "GCD" */;
			buildPhases = (
				DE76DF3D21D4A5E600B2B0A1 /* Sources */,
				DE76DF3E21D4A5E600B2B0A1 /* Frameworks */,
				DE76DF3F21D4A5E600B2B0A1 /* Resources */,
			);
			buildRules = (
			);
			dependencies = (
			);
			name = GCD;
			productName = GCD;
			productReference = DE76DF4121D4A5E600B2B0A1 /* GCD.app */;
			productType = "com.apple.product-type.application";
		};
/* End PBXNativeTarget section */

/* Begin PBXProject section */
		DE76DF3921D4A5E600B2B0A1 /* Project object */ = {
			isa = PBXProject;
			attributes = {
				LastUpgradeCheck = 1000;
				ORGANIZATIONNAME = chenxu;
				TargetAttributes = {
					DE66058B21E5C1EA00625EA4 = {
						CreatedOnToolsVersion = 10.0;
					};
					DE6605A221E5C1EE00625EA4 = {
						CreatedOnToolsVersion = 10.0;
						TestTargetID = DE66058B21E5C1EA00625EA4;
					};
					DE6605AD21E5C1EE00625EA4 = {
						CreatedOnToolsVersion = 10.0;
						TestTargetID = DE66058B21E5C1EA00625EA4;
					};
					DE76DF4021D4A5E600B2B0A1 = {
						CreatedOnToolsVersion = 10.0;
					};
				};
			};
			buildConfigurationList = DE76DF3C21D4A5E600B2B0A1 /* Build configuration list for PBXProject "GCD" */;
			compatibilityVersion = "Xcode 9.3";
			developmentRegion = en;
			hasScannedForEncodings = 0;
			knownRegions = (
				en,
				Base,
			);
			mainGroup = DE76DF3821D4A5E600B2B0A1;
			productRefGroup = DE76DF4221D4A5E600B2B0A1 /* Products */;
			projectDirPath = "";
			projectRoot = "";
			targets = (
				DE76DF4021D4A5E600B2B0A1 /* GCD */,
				DE66058B21E5C1EA00625EA4 /* Sort */,
				DE6605A221E5C1EE00625EA4 /* SortTests */,
				DE6605AD21E5C1EE00625EA4 /* SortUITests */,
			);
		};
/* End PBXProject section */

/* Begin PBXResourcesBuildPhase section */
		DE66058A21E5C1EA00625EA4 /* Resources */ = {
			isa = PBXResourcesBuildPhase;
			buildActionMask = 2147483647;
			files = (
				DE66059B21E5C1EE00625EA4 /* LaunchScreen.storyboard in Resources */,
				DE66059821E5C1EE00625EA4 /* Assets.xcassets in Resources */,
				DE66059621E5C1EA00625EA4 /* Main.storyboard in Resources */,
			);
			runOnlyForDeploymentPostprocessing = 0;
		};
		DE6605A121E5C1EE00625EA4 /* Resources */ = {
			isa = PBXResourcesBuildPhase;
			buildActionMask = 2147483647;
			files = (
			);
			runOnlyForDeploymentPostprocessing = 0;
		};
		DE6605AC21E5C1EE00625EA4 /* Resources */ = {
			isa = PBXResourcesBuildPhase;
			buildActionMask = 2147483647;
			files = (
			);
			runOnlyForDeploymentPostprocessing = 0;
		};
		DE76DF3F21D4A5E600B2B0A1 /* Resources */ = {
			isa = PBXResourcesBuildPhase;
			buildActionMask = 2147483647;
			files = (
				DE76DF5121D4A5EA00B2B0A1 /* LaunchScreen.storyboard in Resources */,
				DE76DF4E21D4A5EA00B2B0A1 /* Assets.xcassets in Resources */,
				DE76DF4C21D4A5E700B2B0A1 /* Main.storyboard in Resources */,
			);
			runOnlyForDeploymentPostprocessing = 0;
		};
/* End PBXResourcesBuildPhase section */

/* Begin PBXSourcesBuildPhase section */
		DE66058821E5C1EA00625EA4 /* Sources */ = {
			isa = PBXSourcesBuildPhase;
			buildActionMask = 2147483647;
			files = (
				DE66059E21E5C1EE00625EA4 /* main.m in Sources */,
				DE6605C321E5C32200625EA4 /* TableViewController.m in Sources */,
				DE66059021E5C1EA00625EA4 /* AppDelegate.m in Sources */,
				DE6605C621E5C41F00625EA4 /* BubbleSort.m in Sources */,
			);
			runOnlyForDeploymentPostprocessing = 0;
		};
		DE66059F21E5C1EE00625EA4 /* Sources */ = {
			isa = PBXSourcesBuildPhase;
			buildActionMask = 2147483647;
			files = (
				DE6605A821E5C1EE00625EA4 /* SortTests.m in Sources */,
			);
			runOnlyForDeploymentPostprocessing = 0;
		};
		DE6605AA21E5C1EE00625EA4 /* Sources */ = {
			isa = PBXSourcesBuildPhase;
			buildActionMask = 2147483647;
			files = (
				DE6605B321E5C1EE00625EA4 /* SortUITests.m in Sources */,
			);
			runOnlyForDeploymentPostprocessing = 0;
		};
		DE76DF3D21D4A5E600B2B0A1 /* Sources */ = {
			isa = PBXSourcesBuildPhase;
			buildActionMask = 2147483647;
			files = (
				DE76DF5F21D4ACB500B2B0A1 /* GCDManager.m in Sources */,
				DE76DF5421D4A5EA00B2B0A1 /* main.m in Sources */,
				DE76DF4621D4A5E700B2B0A1 /* AppDelegate.m in Sources */,
				DE76DF5C21D4A6B300B2B0A1 /* TableViewController.m in Sources */,
			);
			runOnlyForDeploymentPostprocessing = 0;
		};
/* End PBXSourcesBuildPhase section */

/* Begin PBXTargetDependency section */
		DE6605A521E5C1EE00625EA4 /* PBXTargetDependency */ = {
			isa = PBXTargetDependency;
			target = DE66058B21E5C1EA00625EA4 /* Sort */;
			targetProxy = DE6605A421E5C1EE00625EA4 /* PBXContainerItemProxy */;
		};
		DE6605B021E5C1EE00625EA4 /* PBXTargetDependency */ = {
			isa = PBXTargetDependency;
			target = DE66058B21E5C1EA00625EA4 /* Sort */;
			targetProxy = DE6605AF21E5C1EE00625EA4 /* PBXContainerItemProxy */;
		};
/* End PBXTargetDependency section */

/* Begin PBXVariantGroup section */
		DE66059421E5C1EA00625EA4 /* Main.storyboard */ = {
			isa = PBXVariantGroup;
			children = (
				DE66059521E5C1EA00625EA4 /* Base */,
			);
			name = Main.storyboard;
			sourceTree = "<group>";
		};
		DE66059921E5C1EE00625EA4 /* LaunchScreen.storyboard */ = {
			isa = PBXVariantGroup;
			children = (
				DE66059A21E5C1EE00625EA4 /* Base */,
			);
			name = LaunchScreen.storyboard;
			sourceTree = "<group>";
		};
		DE76DF4A21D4A5E700B2B0A1 /* Main.storyboard */ = {
			isa = PBXVariantGroup;
			children = (
				DE76DF4B21D4A5E700B2B0A1 /* Base */,
			);
			name = Main.storyboard;
			sourceTree = "<group>";
		};
		DE76DF4F21D4A5EA00B2B0A1 /* LaunchScreen.storyboard */ = {
			isa = PBXVariantGroup;
			children = (
				DE76DF5021D4A5EA00B2B0A1 /* Base */,
			);
			name = LaunchScreen.storyboard;
			sourceTree = "<group>";
		};
/* End PBXVariantGroup section */

/* Begin XCBuildConfiguration section */
		DE6605B521E5C1EE00625EA4 /* Debug */ = {
			isa = XCBuildConfiguration;
			buildSettings = {
				ASSETCATALOG_COMPILER_APPICON_NAME = AppIcon;
				CODE_SIGN_STYLE = Automatic;
				INFOPLIST_FILE = Sort/Info.plist;
				LD_RUNPATH_SEARCH_PATHS = (
					"$(inherited)",
					"@executable_path/Frameworks",
				);
				PRODUCT_BUNDLE_IDENTIFIER = EasilyDo.Sort;
				PRODUCT_NAME = "$(TARGET_NAME)";
				TARGETED_DEVICE_FAMILY = "1,2";
			};
			name = Debug;
		};
		DE6605B621E5C1EE00625EA4 /* Release */ = {
			isa = XCBuildConfiguration;
			buildSettings = {
				ASSETCATALOG_COMPILER_APPICON_NAME = AppIcon;
				CODE_SIGN_STYLE = Automatic;
				INFOPLIST_FILE = Sort/Info.plist;
				LD_RUNPATH_SEARCH_PATHS = (
					"$(inherited)",
					"@executable_path/Frameworks",
				);
				PRODUCT_BUNDLE_IDENTIFIER = EasilyDo.Sort;
				PRODUCT_NAME = "$(TARGET_NAME)";
				TARGETED_DEVICE_FAMILY = "1,2";
			};
			name = Release;
		};
		DE6605B721E5C1EE00625EA4 /* Debug */ = {
			isa = XCBuildConfiguration;
			buildSettings = {
				BUNDLE_LOADER = "$(TEST_HOST)";
				CODE_SIGN_STYLE = Automatic;
				INFOPLIST_FILE = SortTests/Info.plist;
				LD_RUNPATH_SEARCH_PATHS = (
					"$(inherited)",
					"@executable_path/Frameworks",
					"@loader_path/Frameworks",
				);
				PRODUCT_BUNDLE_IDENTIFIER = EasilyDo.SortTests;
				PRODUCT_NAME = "$(TARGET_NAME)";
				TARGETED_DEVICE_FAMILY = "1,2";
				TEST_HOST = "$(BUILT_PRODUCTS_DIR)/Sort.app/Sort";
			};
			name = Debug;
		};
		DE6605B821E5C1EE00625EA4 /* Release */ = {
			isa = XCBuildConfiguration;
			buildSettings = {
				BUNDLE_LOADER = "$(TEST_HOST)";
				CODE_SIGN_STYLE = Automatic;
				INFOPLIST_FILE = SortTests/Info.plist;
				LD_RUNPATH_SEARCH_PATHS = (
					"$(inherited)",
					"@executable_path/Frameworks",
					"@loader_path/Frameworks",
				);
				PRODUCT_BUNDLE_IDENTIFIER = EasilyDo.SortTests;
				PRODUCT_NAME = "$(TARGET_NAME)";
				TARGETED_DEVICE_FAMILY = "1,2";
				TEST_HOST = "$(BUILT_PRODUCTS_DIR)/Sort.app/Sort";
			};
			name = Release;
		};
		DE6605B921E5C1EE00625EA4 /* Debug */ = {
			isa = XCBuildConfiguration;
			buildSettings = {
				CODE_SIGN_STYLE = Automatic;
				INFOPLIST_FILE = SortUITests/Info.plist;
				LD_RUNPATH_SEARCH_PATHS = (
					"$(inherited)",
					"@executable_path/Frameworks",
					"@loader_path/Frameworks",
				);
				PRODUCT_BUNDLE_IDENTIFIER = EasilyDo.SortUITests;
				PRODUCT_NAME = "$(TARGET_NAME)";
				TARGETED_DEVICE_FAMILY = "1,2";
				TEST_TARGET_NAME = Sort;
			};
			name = Debug;
		};
		DE6605BA21E5C1EE00625EA4 /* Release */ = {
			isa = XCBuildConfiguration;
			buildSettings = {
				CODE_SIGN_STYLE = Automatic;
				INFOPLIST_FILE = SortUITests/Info.plist;
				LD_RUNPATH_SEARCH_PATHS = (
					"$(inherited)",
					"@executable_path/Frameworks",
					"@loader_path/Frameworks",
				);
				PRODUCT_BUNDLE_IDENTIFIER = EasilyDo.SortUITests;
				PRODUCT_NAME = "$(TARGET_NAME)";
				TARGETED_DEVICE_FAMILY = "1,2";
				TEST_TARGET_NAME = Sort;
			};
			name = Release;
		};
		DE76DF5521D4A5EA00B2B0A1 /* Debug */ = {
			isa = XCBuildConfiguration;
			buildSettings = {
				ALWAYS_SEARCH_USER_PATHS = NO;
				CLANG_ANALYZER_NONNULL = YES;
				CLANG_ANALYZER_NUMBER_OBJECT_CONVERSION = YES_AGGRESSIVE;
				CLANG_CXX_LANGUAGE_STANDARD = "gnu++14";
				CLANG_CXX_LIBRARY = "libc++";
				CLANG_ENABLE_MODULES = YES;
				CLANG_ENABLE_OBJC_ARC = YES;
				CLANG_ENABLE_OBJC_WEAK = YES;
				CLANG_WARN_BLOCK_CAPTURE_AUTORELEASING = YES;
				CLANG_WARN_BOOL_CONVERSION = YES;
				CLANG_WARN_COMMA = YES;
				CLANG_WARN_CONSTANT_CONVERSION = YES;
				CLANG_WARN_DEPRECATED_OBJC_IMPLEMENTATIONS = YES;
				CLANG_WARN_DIRECT_OBJC_ISA_USAGE = YES_ERROR;
				CLANG_WARN_DOCUMENTATION_COMMENTS = YES;
				CLANG_WARN_EMPTY_BODY = YES;
				CLANG_WARN_ENUM_CONVERSION = YES;
				CLANG_WARN_INFINITE_RECURSION = YES;
				CLANG_WARN_INT_CONVERSION = YES;
				CLANG_WARN_NON_LITERAL_NULL_CONVERSION = YES;
				CLANG_WARN_OBJC_IMPLICIT_RETAIN_SELF = YES;
				CLANG_WARN_OBJC_LITERAL_CONVERSION = YES;
				CLANG_WARN_OBJC_ROOT_CLASS = YES_ERROR;
				CLANG_WARN_RANGE_LOOP_ANALYSIS = YES;
				CLANG_WARN_STRICT_PROTOTYPES = YES;
				CLANG_WARN_SUSPICIOUS_MOVE = YES;
				CLANG_WARN_UNGUARDED_AVAILABILITY = YES_AGGRESSIVE;
				CLANG_WARN_UNREACHABLE_CODE = YES;
				CLANG_WARN__DUPLICATE_METHOD_MATCH = YES;
				CODE_SIGN_IDENTITY = "iPhone Developer";
				COPY_PHASE_STRIP = NO;
				DEBUG_INFORMATION_FORMAT = dwarf;
				ENABLE_STRICT_OBJC_MSGSEND = YES;
				ENABLE_TESTABILITY = YES;
				GCC_C_LANGUAGE_STANDARD = gnu11;
				GCC_DYNAMIC_NO_PIC = NO;
				GCC_NO_COMMON_BLOCKS = YES;
				GCC_OPTIMIZATION_LEVEL = 0;
				GCC_PREPROCESSOR_DEFINITIONS = (
					"DEBUG=1",
					"$(inherited)",
				);
				GCC_WARN_64_TO_32_BIT_CONVERSION = YES;
				GCC_WARN_ABOUT_RETURN_TYPE = YES_ERROR;
				GCC_WARN_UNDECLARED_SELECTOR = YES;
				GCC_WARN_UNINITIALIZED_AUTOS = YES_AGGRESSIVE;
				GCC_WARN_UNUSED_FUNCTION = YES;
				GCC_WARN_UNUSED_VARIABLE = YES;
				IPHONEOS_DEPLOYMENT_TARGET = 12.0;
				MTL_ENABLE_DEBUG_INFO = INCLUDE_SOURCE;
				MTL_FAST_MATH = YES;
				ONLY_ACTIVE_ARCH = YES;
				SDKROOT = iphoneos;
			};
			name = Debug;
		};
		DE76DF5621D4A5EA00B2B0A1 /* Release */ = {
			isa = XCBuildConfiguration;
			buildSettings = {
				ALWAYS_SEARCH_USER_PATHS = NO;
				CLANG_ANALYZER_NONNULL = YES;
				CLANG_ANALYZER_NUMBER_OBJECT_CONVERSION = YES_AGGRESSIVE;
				CLANG_CXX_LANGUAGE_STANDARD = "gnu++14";
				CLANG_CXX_LIBRARY = "libc++";
				CLANG_ENABLE_MODULES = YES;
				CLANG_ENABLE_OBJC_ARC = YES;
				CLANG_ENABLE_OBJC_WEAK = YES;
				CLANG_WARN_BLOCK_CAPTURE_AUTORELEASING = YES;
				CLANG_WARN_BOOL_CONVERSION = YES;
				CLANG_WARN_COMMA = YES;
				CLANG_WARN_CONSTANT_CONVERSION = YES;
				CLANG_WARN_DEPRECATED_OBJC_IMPLEMENTATIONS = YES;
				CLANG_WARN_DIRECT_OBJC_ISA_USAGE = YES_ERROR;
				CLANG_WARN_DOCUMENTATION_COMMENTS = YES;
				CLANG_WARN_EMPTY_BODY = YES;
				CLANG_WARN_ENUM_CONVERSION = YES;
				CLANG_WARN_INFINITE_RECURSION = YES;
				CLANG_WARN_INT_CONVERSION = YES;
				CLANG_WARN_NON_LITERAL_NULL_CONVERSION = YES;
				CLANG_WARN_OBJC_IMPLICIT_RETAIN_SELF = YES;
				CLANG_WARN_OBJC_LITERAL_CONVERSION = YES;
				CLANG_WARN_OBJC_ROOT_CLASS = YES_ERROR;
				CLANG_WARN_RANGE_LOOP_ANALYSIS = YES;
				CLANG_WARN_STRICT_PROTOTYPES = YES;
				CLANG_WARN_SUSPICIOUS_MOVE = YES;
				CLANG_WARN_UNGUARDED_AVAILABILITY = YES_AGGRESSIVE;
				CLANG_WARN_UNREACHABLE_CODE = YES;
				CLANG_WARN__DUPLICATE_METHOD_MATCH = YES;
				CODE_SIGN_IDENTITY = "iPhone Developer";
				COPY_PHASE_STRIP = NO;
				DEBUG_INFORMATION_FORMAT = "dwarf-with-dsym";
				ENABLE_NS_ASSERTIONS = NO;
				ENABLE_STRICT_OBJC_MSGSEND = YES;
				GCC_C_LANGUAGE_STANDARD = gnu11;
				GCC_NO_COMMON_BLOCKS = YES;
				GCC_WARN_64_TO_32_BIT_CONVERSION = YES;
				GCC_WARN_ABOUT_RETURN_TYPE = YES_ERROR;
				GCC_WARN_UNDECLARED_SELECTOR = YES;
				GCC_WARN_UNINITIALIZED_AUTOS = YES_AGGRESSIVE;
				GCC_WARN_UNUSED_FUNCTION = YES;
				GCC_WARN_UNUSED_VARIABLE = YES;
				IPHONEOS_DEPLOYMENT_TARGET = 12.0;
				MTL_ENABLE_DEBUG_INFO = NO;
				MTL_FAST_MATH = YES;
				SDKROOT = iphoneos;
				VALIDATE_PRODUCT = YES;
			};
			name = Release;
		};
		DE76DF5821D4A5EA00B2B0A1 /* Debug */ = {
			isa = XCBuildConfiguration;
			buildSettings = {
				ASSETCATALOG_COMPILER_APPICON_NAME = AppIcon;
				CODE_SIGN_STYLE = Automatic;
				INFOPLIST_FILE = GCD/Info.plist;
				LD_RUNPATH_SEARCH_PATHS = (
					"$(inherited)",
					"@executable_path/Frameworks",
				);
				PRODUCT_BUNDLE_IDENTIFIER = EasilyDo.GCD;
				PRODUCT_NAME = "$(TARGET_NAME)";
				TARGETED_DEVICE_FAMILY = "1,2";
			};
			name = Debug;
		};
		DE76DF5921D4A5EA00B2B0A1 /* Release */ = {
			isa = XCBuildConfiguration;
			buildSettings = {
				ASSETCATALOG_COMPILER_APPICON_NAME = AppIcon;
				CODE_SIGN_STYLE = Automatic;
				INFOPLIST_FILE = GCD/Info.plist;
				LD_RUNPATH_SEARCH_PATHS = (
					"$(inherited)",
					"@executable_path/Frameworks",
				);
				PRODUCT_BUNDLE_IDENTIFIER = EasilyDo.GCD;
				PRODUCT_NAME = "$(TARGET_NAME)";
				TARGETED_DEVICE_FAMILY = "1,2";
			};
			name = Release;
		};
/* End XCBuildConfiguration section */

/* Begin XCConfigurationList section */
		DE6605BB21E5C1EE00625EA4 /* Build configuration list for PBXNativeTarget "Sort" */ = {
			isa = XCConfigurationList;
			buildConfigurations = (
				DE6605B521E5C1EE00625EA4 /* Debug */,
				DE6605B621E5C1EE00625EA4 /* Release */,
			);
			defaultConfigurationIsVisible = 0;
			defaultConfigurationName = Release;
		};
		DE6605BC21E5C1EE00625EA4 /* Build configuration list for PBXNativeTarget "SortTests" */ = {
			isa = XCConfigurationList;
			buildConfigurations = (
				DE6605B721E5C1EE00625EA4 /* Debug */,
				DE6605B821E5C1EE00625EA4 /* Release */,
			);
			defaultConfigurationIsVisible = 0;
			defaultConfigurationName = Release;
		};
		DE6605BD21E5C1EE00625EA4 /* Build configuration list for PBXNativeTarget "SortUITests" */ = {
			isa = XCConfigurationList;
			buildConfigurations = (
				DE6605B921E5C1EE00625EA4 /* Debug */,
				DE6605BA21E5C1EE00625EA4 /* Release */,
			);
			defaultConfigurationIsVisible = 0;
			defaultConfigurationName = Release;
		};
		DE76DF3C21D4A5E600B2B0A1 /* Build configuration list for PBXProject "GCD" */ = {
			isa = XCConfigurationList;
			buildConfigurations = (
				DE76DF5521D4A5EA00B2B0A1 /* Debug */,
				DE76DF5621D4A5EA00B2B0A1 /* Release */,
			);
			defaultConfigurationIsVisible = 0;
			defaultConfigurationName = Release;
		};
		DE76DF5721D4A5EA00B2B0A1 /* Build configuration list for PBXNativeTarget "GCD" */ = {
			isa = XCConfigurationList;
			buildConfigurations = (
				DE76DF5821D4A5EA00B2B0A1 /* Debug */,
				DE76DF5921D4A5EA00B2B0A1 /* Release */,
			);
			defaultConfigurationIsVisible = 0;
			defaultConfigurationName = Release;
		};
/* End XCConfigurationList section */
	};
	rootObject = DE76DF3921D4A5E600B2B0A1 /* Project object */;
}
